
Microsoft Visual Studio Solution File, Format Version 12.00
Project("{FAE04EC0-301F-11D3-BF4B-00C04F79EFBC}") = "Lesson2", "Lesson2\Lesson2.csproj", "{41C172FD-16A2-4CAA-8993-258DC6E26227}"
EndProject
Global
	GlobalSection(SolutionConfigurationPlatforms) = preSolution
		Debug|Any CPU = Debug|Any CPU
		Release|Any CPU = Release|Any CPU
	EndGlobalSection
	GlobalSection(ProjectConfigurationPlatforms) = postSolution
		{41C172FD-16A2-4CAA-8993-258DC6E26227}.Debug|Any CPU.ActiveCfg = Debug|Any CPU
		{41C172FD-16A2-4CAA-8993-258DC6E26227}.Debug|Any CPU.Build.0 = Debug|Any CPU
		{41C172FD-16A2-4CAA-8993-258DC6E26227}.Release|Any CPU.ActiveCfg = Release|Any CPU
		{41C172FD-16A2-4CAA-8993-258DC6E26227}.Release|Any CPU.Build.0 = Release|Any CPU
	EndGlobalSection
EndGlobal
