
Microsoft Visual Studio Solution File, Format Version 12.00
Project("{FAE04EC0-301F-11D3-BF4B-00C04F79EFBC}") = "Lesson2.Task1", "Lesson2.Task1\Lesson2.Task1.csproj", "{DDB1D67E-4B95-4F0C-99C8-53E90885E800}"
EndProject
Project("{FAE04EC0-301F-11D3-BF4B-00C04F79EFBC}") = "Lesson2.Task2", "Lesson2.Task2\Lesson2.Task2.csproj", "{7D05D67A-2E0A-4C4E-B05D-B1C282EA8D27}"
EndProject
Project("{FAE04EC0-301F-11D3-BF4B-00C04F79EFBC}") = "Lesson2.Task3", "Lesson2.Task3\Lesson2.Task3.csproj", "{B540D90D-0F7B-4713-BABB-7DFAAB39E43B}"
EndProject
Project("{FAE04EC0-301F-11D3-BF4B-00C04F79EFBC}") = "Lesson2.Task4", "Lesson2.Task4\Lesson2.Task4.csproj", "{BF0B10A0-D5E2-4364-ACB6-C6C4CDF7ACDA}"
EndProject
Global
	GlobalSection(SolutionConfigurationPlatforms) = preSolution
		Debug|Any CPU = Debug|Any CPU
		Release|Any CPU = Release|Any CPU
	EndGlobalSection
	GlobalSection(ProjectConfigurationPlatforms) = postSolution
		{DDB1D67E-4B95-4F0C-99C8-53E90885E800}.Debug|Any CPU.ActiveCfg = Debug|Any CPU
		{DDB1D67E-4B95-4F0C-99C8-53E90885E800}.Debug|Any CPU.Build.0 = Debug|Any CPU
		{DDB1D67E-4B95-4F0C-99C8-53E90885E800}.Release|Any CPU.ActiveCfg = Release|Any CPU
		{DDB1D67E-4B95-4F0C-99C8-53E90885E800}.Release|Any CPU.Build.0 = Release|Any CPU
		{7D05D67A-2E0A-4C4E-B05D-B1C282EA8D27}.Debug|Any CPU.ActiveCfg = Debug|Any CPU
		{7D05D67A-2E0A-4C4E-B05D-B1C282EA8D27}.Debug|Any CPU.Build.0 = Debug|Any CPU
		{7D05D67A-2E0A-4C4E-B05D-B1C282EA8D27}.Release|Any CPU.ActiveCfg = Release|Any CPU
		{7D05D67A-2E0A-4C4E-B05D-B1C282EA8D27}.Release|Any CPU.Build.0 = Release|Any CPU
		{B540D90D-0F7B-4713-BABB-7DFAAB39E43B}.Debug|Any CPU.ActiveCfg = Debug|Any CPU
		{B540D90D-0F7B-4713-BABB-7DFAAB39E43B}.Debug|Any CPU.Build.0 = Debug|Any CPU
		{B540D90D-0F7B-4713-BABB-7DFAAB39E43B}.Release|Any CPU.ActiveCfg = Release|Any CPU
		{B540D90D-0F7B-4713-BABB-7DFAAB39E43B}.Release|Any CPU.Build.0 = Release|Any CPU
		{BF0B10A0-D5E2-4364-ACB6-C6C4CDF7ACDA}.Debug|Any CPU.ActiveCfg = Debug|Any CPU
		{BF0B10A0-D5E2-4364-ACB6-C6C4CDF7ACDA}.Debug|Any CPU.Build.0 = Debug|Any CPU
		{BF0B10A0-D5E2-4364-ACB6-C6C4CDF7ACDA}.Release|Any CPU.ActiveCfg = Release|Any CPU
		{BF0B10A0-D5E2-4364-ACB6-C6C4CDF7ACDA}.Release|Any CPU.Build.0 = Release|Any CPU
	EndGlobalSection
EndGlobal
